
Microsoft Visual Studio Solution File, Format Version 12.00
# Visual Studio 14
VisualStudioVersion = 14.0.25420.1
MinimumVisualStudioVersion = 10.0.40219.1
Project("{8BC9CEB8-8B4A-11D0-8D11-00A0C91BC942}") = "Crypt", "Lab_1\Crypt\Crypt.vcxproj", "{82E8C711-5CEA-4E54-A33D-FD74BBEEE544}"
EndProject
Project("{8BC9CEB8-8B4A-11D0-8D11-00A0C91BC942}") = "Invert", "Lab_1\Invert\Invert.vcxproj", "{384844F1-8744-4273-8B51-4D580F7ED605}"
EndProject
Project("{8BC9CEB8-8B4A-11D0-8D11-00A0C91BC942}") = "Live", "Lab_1\Live\Live.vcxproj", "{4C5A59B5-D79F-4070-ADB9-BC047EDDC113}"
EndProject
Project("{8BC9CEB8-8B4A-11D0-8D11-00A0C91BC942}") = "radix", "Lab_1\radix\radix.vcxproj", "{12B3ADFF-1339-4894-904A-FFF70381B474}"
EndProject
Project("{8BC9CEB8-8B4A-11D0-8D11-00A0C91BC942}") = "Replace", "Lab_1\Replace\Replace.vcxproj", "{BDEB8690-156C-47D7-AA91-733ADBF2B4FF}"
EndProject
Project("{8BC9CEB8-8B4A-11D0-8D11-00A0C91BC942}") = "HtmlDecode", "Lab_2\HtmlDecode\HtmlDecode.vcxproj", "{CECE5CBA-8405-48FA-A997-5FC6826F45D0}"
EndProject
Project("{8BC9CEB8-8B4A-11D0-8D11-00A0C91BC942}") = "HtmlDecodeTest", "Lab_2\HtmlDecodeTest\HtmlDecodeTest.vcxproj", "{2E8BBA65-22E4-41EB-8009-29EC2ED1C6E3}"
EndProject
Project("{8BC9CEB8-8B4A-11D0-8D11-00A0C91BC942}") = "MiniDictionary", "Lab_2\MiniDictionary\MiniDictionary.vcxproj", "{7C2C09B5-75CD-408B-B413-F70AB4366DE0}"
EndProject
Project("{8BC9CEB8-8B4A-11D0-8D11-00A0C91BC942}") = "MiniDictionaryTest", "Lab_2\MiniDictionaryTest\MiniDictionaryTest.vcxproj", "{FD8896E7-1CF3-40ED-828B-69637918BE66}"
EndProject
Project("{8BC9CEB8-8B4A-11D0-8D11-00A0C91BC942}") = "PrimeNumbersSetGenerator", "Lab_2\PrimeNumbersSetGenerator\PrimeNumbersSetGenerator.vcxproj", "{C9880E76-D86A-4FD4-9CEA-40A443DDC153}"
EndProject
Project("{8BC9CEB8-8B4A-11D0-8D11-00A0C91BC942}") = "PrimeNumbersSetGeneratorTest", "Lab_2\PrimeNumbersSetGeneratorTest\PrimeNumbersSetGeneratorTest.vcxproj", "{5F44ECCB-63B0-4288-8E3F-971EB5DBFB2F}"
EndProject
Project("{8BC9CEB8-8B4A-11D0-8D11-00A0C91BC942}") = "StlVector", "Lab_2\StlVector\StlVector.vcxproj", "{D9FC6089-8DE6-42D2-9117-4EC535C91D36}"
EndProject
Project("{8BC9CEB8-8B4A-11D0-8D11-00A0C91BC942}") = "StlVectorTest", "Lab_2\StlVectorTest\StlVectorTest.vcxproj", "{3D3BD023-085E-4E39-BC8F-C88D5FD21DD5}"
EndProject
Project("{8BC9CEB8-8B4A-11D0-8D11-00A0C91BC942}") = "Car", "Lab_3\Car\Car.vcxproj", "{C3CA65C7-4564-4971-943B-8933C166414D}"
EndProject
Project("{8BC9CEB8-8B4A-11D0-8D11-00A0C91BC942}") = "CarTest", "Lab_3\CarTest\CarTest.vcxproj", "{87E86D74-569E-405C-B2D1-9BE6223B0007}"
EndProject
Global
	GlobalSection(SolutionConfigurationPlatforms) = preSolution
		Debug|x64 = Debug|x64
		Debug|x86 = Debug|x86
		Release|x64 = Release|x64
		Release|x86 = Release|x86
	EndGlobalSection
	GlobalSection(ProjectConfigurationPlatforms) = postSolution
		{82E8C711-5CEA-4E54-A33D-FD74BBEEE544}.Debug|x64.ActiveCfg = Debug|Win32
		{82E8C711-5CEA-4E54-A33D-FD74BBEEE544}.Debug|x86.ActiveCfg = Debug|Win32
		{82E8C711-5CEA-4E54-A33D-FD74BBEEE544}.Debug|x86.Build.0 = Debug|Win32
		{82E8C711-5CEA-4E54-A33D-FD74BBEEE544}.Release|x64.ActiveCfg = Release|Win32
		{82E8C711-5CEA-4E54-A33D-FD74BBEEE544}.Release|x86.ActiveCfg = Release|Win32
		{82E8C711-5CEA-4E54-A33D-FD74BBEEE544}.Release|x86.Build.0 = Release|Win32
		{384844F1-8744-4273-8B51-4D580F7ED605}.Debug|x64.ActiveCfg = Debug|Win32
		{384844F1-8744-4273-8B51-4D580F7ED605}.Debug|x86.ActiveCfg = Debug|Win32
		{384844F1-8744-4273-8B51-4D580F7ED605}.Debug|x86.Build.0 = Debug|Win32
		{384844F1-8744-4273-8B51-4D580F7ED605}.Release|x64.ActiveCfg = Release|Win32
		{384844F1-8744-4273-8B51-4D580F7ED605}.Release|x86.ActiveCfg = Release|Win32
		{384844F1-8744-4273-8B51-4D580F7ED605}.Release|x86.Build.0 = Release|Win32
		{4C5A59B5-D79F-4070-ADB9-BC047EDDC113}.Debug|x64.ActiveCfg = Debug|Win32
		{4C5A59B5-D79F-4070-ADB9-BC047EDDC113}.Debug|x86.ActiveCfg = Debug|Win32
		{4C5A59B5-D79F-4070-ADB9-BC047EDDC113}.Debug|x86.Build.0 = Debug|Win32
		{4C5A59B5-D79F-4070-ADB9-BC047EDDC113}.Release|x64.ActiveCfg = Release|Win32
		{4C5A59B5-D79F-4070-ADB9-BC047EDDC113}.Release|x86.ActiveCfg = Release|Win32
		{4C5A59B5-D79F-4070-ADB9-BC047EDDC113}.Release|x86.Build.0 = Release|Win32
		{12B3ADFF-1339-4894-904A-FFF70381B474}.Debug|x64.ActiveCfg = Debug|Win32
		{12B3ADFF-1339-4894-904A-FFF70381B474}.Debug|x86.ActiveCfg = Debug|Win32
		{12B3ADFF-1339-4894-904A-FFF70381B474}.Debug|x86.Build.0 = Debug|Win32
		{12B3ADFF-1339-4894-904A-FFF70381B474}.Release|x64.ActiveCfg = Release|Win32
		{12B3ADFF-1339-4894-904A-FFF70381B474}.Release|x86.ActiveCfg = Release|Win32
		{12B3ADFF-1339-4894-904A-FFF70381B474}.Release|x86.Build.0 = Release|Win32
		{BDEB8690-156C-47D7-AA91-733ADBF2B4FF}.Debug|x64.ActiveCfg = Debug|Win32
		{BDEB8690-156C-47D7-AA91-733ADBF2B4FF}.Debug|x86.ActiveCfg = Debug|Win32
		{BDEB8690-156C-47D7-AA91-733ADBF2B4FF}.Debug|x86.Build.0 = Debug|Win32
		{BDEB8690-156C-47D7-AA91-733ADBF2B4FF}.Release|x64.ActiveCfg = Release|Win32
		{BDEB8690-156C-47D7-AA91-733ADBF2B4FF}.Release|x86.ActiveCfg = Release|Win32
		{BDEB8690-156C-47D7-AA91-733ADBF2B4FF}.Release|x86.Build.0 = Release|Win32
		{CECE5CBA-8405-48FA-A997-5FC6826F45D0}.Debug|x64.ActiveCfg = Debug|x64
		{CECE5CBA-8405-48FA-A997-5FC6826F45D0}.Debug|x64.Build.0 = Debug|x64
		{CECE5CBA-8405-48FA-A997-5FC6826F45D0}.Debug|x86.ActiveCfg = Debug|Win32
		{CECE5CBA-8405-48FA-A997-5FC6826F45D0}.Debug|x86.Build.0 = Debug|Win32
		{CECE5CBA-8405-48FA-A997-5FC6826F45D0}.Release|x64.ActiveCfg = Release|x64
		{CECE5CBA-8405-48FA-A997-5FC6826F45D0}.Release|x64.Build.0 = Release|x64
		{CECE5CBA-8405-48FA-A997-5FC6826F45D0}.Release|x86.ActiveCfg = Release|Win32
		{CECE5CBA-8405-48FA-A997-5FC6826F45D0}.Release|x86.Build.0 = Release|Win32
		{2E8BBA65-22E4-41EB-8009-29EC2ED1C6E3}.Debug|x64.ActiveCfg = Debug|x64
		{2E8BBA65-22E4-41EB-8009-29EC2ED1C6E3}.Debug|x64.Build.0 = Debug|x64
		{2E8BBA65-22E4-41EB-8009-29EC2ED1C6E3}.Debug|x86.ActiveCfg = Debug|Win32
		{2E8BBA65-22E4-41EB-8009-29EC2ED1C6E3}.Debug|x86.Build.0 = Debug|Win32
		{2E8BBA65-22E4-41EB-8009-29EC2ED1C6E3}.Release|x64.ActiveCfg = Release|x64
		{2E8BBA65-22E4-41EB-8009-29EC2ED1C6E3}.Release|x64.Build.0 = Release|x64
		{2E8BBA65-22E4-41EB-8009-29EC2ED1C6E3}.Release|x86.ActiveCfg = Release|Win32
		{2E8BBA65-22E4-41EB-8009-29EC2ED1C6E3}.Release|x86.Build.0 = Release|Win32
		{7C2C09B5-75CD-408B-B413-F70AB4366DE0}.Debug|x64.ActiveCfg = Debug|x64
		{7C2C09B5-75CD-408B-B413-F70AB4366DE0}.Debug|x64.Build.0 = Debug|x64
		{7C2C09B5-75CD-408B-B413-F70AB4366DE0}.Debug|x86.ActiveCfg = Debug|Win32
		{7C2C09B5-75CD-408B-B413-F70AB4366DE0}.Debug|x86.Build.0 = Debug|Win32
		{7C2C09B5-75CD-408B-B413-F70AB4366DE0}.Release|x64.ActiveCfg = Release|x64
		{7C2C09B5-75CD-408B-B413-F70AB4366DE0}.Release|x64.Build.0 = Release|x64
		{7C2C09B5-75CD-408B-B413-F70AB4366DE0}.Release|x86.ActiveCfg = Release|Win32
		{7C2C09B5-75CD-408B-B413-F70AB4366DE0}.Release|x86.Build.0 = Release|Win32
		{FD8896E7-1CF3-40ED-828B-69637918BE66}.Debug|x64.ActiveCfg = Debug|x64
		{FD8896E7-1CF3-40ED-828B-69637918BE66}.Debug|x64.Build.0 = Debug|x64
		{FD8896E7-1CF3-40ED-828B-69637918BE66}.Debug|x86.ActiveCfg = Debug|Win32
		{FD8896E7-1CF3-40ED-828B-69637918BE66}.Debug|x86.Build.0 = Debug|Win32
		{FD8896E7-1CF3-40ED-828B-69637918BE66}.Release|x64.ActiveCfg = Release|x64
		{FD8896E7-1CF3-40ED-828B-69637918BE66}.Release|x64.Build.0 = Release|x64
		{FD8896E7-1CF3-40ED-828B-69637918BE66}.Release|x86.ActiveCfg = Release|Win32
		{FD8896E7-1CF3-40ED-828B-69637918BE66}.Release|x86.Build.0 = Release|Win32
		{C9880E76-D86A-4FD4-9CEA-40A443DDC153}.Debug|x64.ActiveCfg = Debug|x64
		{C9880E76-D86A-4FD4-9CEA-40A443DDC153}.Debug|x64.Build.0 = Debug|x64
		{C9880E76-D86A-4FD4-9CEA-40A443DDC153}.Debug|x86.ActiveCfg = Debug|Win32
		{C9880E76-D86A-4FD4-9CEA-40A443DDC153}.Debug|x86.Build.0 = Debug|Win32
		{C9880E76-D86A-4FD4-9CEA-40A443DDC153}.Release|x64.ActiveCfg = Release|x64
		{C9880E76-D86A-4FD4-9CEA-40A443DDC153}.Release|x64.Build.0 = Release|x64
		{C9880E76-D86A-4FD4-9CEA-40A443DDC153}.Release|x86.ActiveCfg = Release|Win32
		{C9880E76-D86A-4FD4-9CEA-40A443DDC153}.Release|x86.Build.0 = Release|Win32
		{5F44ECCB-63B0-4288-8E3F-971EB5DBFB2F}.Debug|x64.ActiveCfg = Debug|x64
		{5F44ECCB-63B0-4288-8E3F-971EB5DBFB2F}.Debug|x64.Build.0 = Debug|x64
		{5F44ECCB-63B0-4288-8E3F-971EB5DBFB2F}.Debug|x86.ActiveCfg = Debug|Win32
		{5F44ECCB-63B0-4288-8E3F-971EB5DBFB2F}.Debug|x86.Build.0 = Debug|Win32
		{5F44ECCB-63B0-4288-8E3F-971EB5DBFB2F}.Release|x64.ActiveCfg = Release|x64
		{5F44ECCB-63B0-4288-8E3F-971EB5DBFB2F}.Release|x64.Build.0 = Release|x64
		{5F44ECCB-63B0-4288-8E3F-971EB5DBFB2F}.Release|x86.ActiveCfg = Release|Win32
		{5F44ECCB-63B0-4288-8E3F-971EB5DBFB2F}.Release|x86.Build.0 = Release|Win32
		{D9FC6089-8DE6-42D2-9117-4EC535C91D36}.Debug|x64.ActiveCfg = Debug|Win32
		{D9FC6089-8DE6-42D2-9117-4EC535C91D36}.Debug|x86.ActiveCfg = Debug|Win32
		{D9FC6089-8DE6-42D2-9117-4EC535C91D36}.Debug|x86.Build.0 = Debug|Win32
		{D9FC6089-8DE6-42D2-9117-4EC535C91D36}.Release|x64.ActiveCfg = Release|Win32
		{D9FC6089-8DE6-42D2-9117-4EC535C91D36}.Release|x86.ActiveCfg = Release|Win32
		{D9FC6089-8DE6-42D2-9117-4EC535C91D36}.Release|x86.Build.0 = Release|Win32
		{3D3BD023-085E-4E39-BC8F-C88D5FD21DD5}.Debug|x64.ActiveCfg = Debug|Win32
		{3D3BD023-085E-4E39-BC8F-C88D5FD21DD5}.Debug|x86.ActiveCfg = Debug|Win32
		{3D3BD023-085E-4E39-BC8F-C88D5FD21DD5}.Debug|x86.Build.0 = Debug|Win32
		{3D3BD023-085E-4E39-BC8F-C88D5FD21DD5}.Release|x64.ActiveCfg = Release|Win32
		{3D3BD023-085E-4E39-BC8F-C88D5FD21DD5}.Release|x86.ActiveCfg = Release|Win32
		{3D3BD023-085E-4E39-BC8F-C88D5FD21DD5}.Release|x86.Build.0 = Release|Win32
		{C3CA65C7-4564-4971-943B-8933C166414D}.Debug|x64.ActiveCfg = Debug|x64
		{C3CA65C7-4564-4971-943B-8933C166414D}.Debug|x64.Build.0 = Debug|x64
		{C3CA65C7-4564-4971-943B-8933C166414D}.Debug|x86.ActiveCfg = Debug|Win32
		{C3CA65C7-4564-4971-943B-8933C166414D}.Debug|x86.Build.0 = Debug|Win32
		{C3CA65C7-4564-4971-943B-8933C166414D}.Release|x64.ActiveCfg = Release|x64
		{C3CA65C7-4564-4971-943B-8933C166414D}.Release|x64.Build.0 = Release|x64
		{C3CA65C7-4564-4971-943B-8933C166414D}.Release|x86.ActiveCfg = Release|Win32
		{C3CA65C7-4564-4971-943B-8933C166414D}.Release|x86.Build.0 = Release|Win32
		{87E86D74-569E-405C-B2D1-9BE6223B0007}.Debug|x64.ActiveCfg = Debug|x64
		{87E86D74-569E-405C-B2D1-9BE6223B0007}.Debug|x64.Build.0 = Debug|x64
		{87E86D74-569E-405C-B2D1-9BE6223B0007}.Debug|x86.ActiveCfg = Debug|Win32
		{87E86D74-569E-405C-B2D1-9BE6223B0007}.Debug|x86.Build.0 = Debug|Win32
		{87E86D74-569E-405C-B2D1-9BE6223B0007}.Release|x64.ActiveCfg = Release|x64
		{87E86D74-569E-405C-B2D1-9BE6223B0007}.Release|x64.Build.0 = Release|x64
		{87E86D74-569E-405C-B2D1-9BE6223B0007}.Release|x86.ActiveCfg = Release|Win32
		{87E86D74-569E-405C-B2D1-9BE6223B0007}.Release|x86.Build.0 = Release|Win32
	EndGlobalSection
	GlobalSection(SolutionProperties) = preSolution
		HideSolutionNode = FALSE
	EndGlobalSection
EndGlobal
