
Microsoft Visual Studio Solution File, Format Version 12.00
# Visual Studio 14
VisualStudioVersion = 14.0.25420.1
MinimumVisualStudioVersion = 10.0.40219.1
Project("{8BC9CEB8-8B4A-11D0-8D11-00A0C91BC942}") = "Crypt", "Lab_1\Crypt\Crypt.vcxproj", "{82E8C711-5CEA-4E54-A33D-FD74BBEEE544}"
EndProject
Project("{8BC9CEB8-8B4A-11D0-8D11-00A0C91BC942}") = "Invert", "Lab_1\Invert\Invert.vcxproj", "{384844F1-8744-4273-8B51-4D580F7ED605}"
EndProject
Project("{8BC9CEB8-8B4A-11D0-8D11-00A0C91BC942}") = "Live", "Lab_1\Live\Live.vcxproj", "{4C5A59B5-D79F-4070-ADB9-BC047EDDC113}"
EndProject
Project("{8BC9CEB8-8B4A-11D0-8D11-00A0C91BC942}") = "radix", "Lab_1\radix\radix.vcxproj", "{12B3ADFF-1339-4894-904A-FFF70381B474}"
EndProject
Project("{8BC9CEB8-8B4A-11D0-8D11-00A0C91BC942}") = "Replace", "Lab_1\Replace\Replace.vcxproj", "{BDEB8690-156C-47D7-AA91-733ADBF2B4FF}"
EndProject
Project("{8BC9CEB8-8B4A-11D0-8D11-00A0C91BC942}") = "HtmlDecode", "Lab_2\HtmlDecode\HtmlDecode.vcxproj", "{CECE5CBA-8405-48FA-A997-5FC6826F45D0}"
EndProject
Project("{8BC9CEB8-8B4A-11D0-8D11-00A0C91BC942}") = "HtmlDecodeTest", "Lab_2\HtmlDecodeTest\HtmlDecodeTest.vcxproj", "{2E8BBA65-22E4-41EB-8009-29EC2ED1C6E3}"
EndProject
Project("{8BC9CEB8-8B4A-11D0-8D11-00A0C91BC942}") = "MiniDictionary", "Lab_2\MiniDictionary\MiniDictionary.vcxproj", "{7C2C09B5-75CD-408B-B413-F70AB4366DE0}"
EndProject
Project("{8BC9CEB8-8B4A-11D0-8D11-00A0C91BC942}") = "MiniDictionaryTest", "Lab_2\MiniDictionaryTest\MiniDictionaryTest.vcxproj", "{FD8896E7-1CF3-40ED-828B-69637918BE66}"
EndProject
Project("{8BC9CEB8-8B4A-11D0-8D11-00A0C91BC942}") = "PrimeNumbersSetGenerator", "Lab_2\PrimeNumbersSetGenerator\PrimeNumbersSetGenerator.vcxproj", "{C9880E76-D86A-4FD4-9CEA-40A443DDC153}"
EndProject
Project("{8BC9CEB8-8B4A-11D0-8D11-00A0C91BC942}") = "PrimeNumbersSetGeneratorTest", "Lab_2\PrimeNumbersSetGeneratorTest\PrimeNumbersSetGeneratorTest.vcxproj", "{5F44ECCB-63B0-4288-8E3F-971EB5DBFB2F}"
EndProject
Project("{8BC9CEB8-8B4A-11D0-8D11-00A0C91BC942}") = "StlVector", "Lab_2\StlVector\StlVector.vcxproj", "{D9FC6089-8DE6-42D2-9117-4EC535C91D36}"
EndProject
Project("{8BC9CEB8-8B4A-11D0-8D11-00A0C91BC942}") = "StlVectorTest", "Lab_2\StlVectorTest\StlVectorTest.vcxproj", "{3D3BD023-085E-4E39-BC8F-C88D5FD21DD5}"
EndProject
Project("{8BC9CEB8-8B4A-11D0-8D11-00A0C91BC942}") = "Car", "Lab_3\Car\Car.vcxproj", "{C3CA65C7-4564-4971-943B-8933C166414D}"
EndProject
Project("{8BC9CEB8-8B4A-11D0-8D11-00A0C91BC942}") = "CarTest", "Lab_3\CarTest\CarTest.vcxproj", "{87E86D74-569E-405C-B2D1-9BE6223B0007}"
EndProject
Project("{2150E333-8FDC-42A3-9474-1A3956D46DE8}") = "Lab_1", "Lab_1", "{899CB28F-8603-4221-98A5-6CFCB19EA155}"
EndProject
Project("{2150E333-8FDC-42A3-9474-1A3956D46DE8}") = "Lab_2", "Lab_2", "{77EECCF2-5EFE-4360-9020-07612D3F6903}"
EndProject
Project("{2150E333-8FDC-42A3-9474-1A3956D46DE8}") = "Lab_3", "Lab_3", "{EF0AB69D-FBA8-41D4-A7EF-975F06E42E7A}"
EndProject
Project("{2150E333-8FDC-42A3-9474-1A3956D46DE8}") = "Lab_4", "Lab_4", "{27F6676D-43BF-4787-ACA4-5BF4AF0DC900}"
EndProject
Project("{8BC9CEB8-8B4A-11D0-8D11-00A0C91BC942}") = "Shape", "Lab_4\Shape\Shape.vcxproj", "{DC4A7269-62E7-41AC-A5CA-66D57B39F572}"
EndProject
Project("{8BC9CEB8-8B4A-11D0-8D11-00A0C91BC942}") = "ShapeTest", "Lab_4\ShapeTest\ShapeTest.vcxproj", "{ED52122B-AE08-47E1-A738-7E999E38D727}"
EndProject
Project("{2150E333-8FDC-42A3-9474-1A3956D46DE8}") = "Lab_5", "Lab_5", "{476BAD69-5180-4B7A-8655-D719FD5D9757}"
EndProject
Project("{8BC9CEB8-8B4A-11D0-8D11-00A0C91BC942}") = "Rational", "Lab_5\Rational\Rational.vcxproj", "{933895AE-86E2-4DEE-B7EF-6084370BA335}"
EndProject
Project("{8BC9CEB8-8B4A-11D0-8D11-00A0C91BC942}") = "RationalTest", "Lab_5\RationalTest\RationalTest.vcxproj", "{960A9A93-59A9-4810-93BA-4A29DC2FE97A}"
EndProject
Project("{2150E333-8FDC-42A3-9474-1A3956D46DE8}") = "Lab_6", "Lab_6", "{485D6355-1AF4-4546-B12D-CA488281C9B1}"
EndProject
Project("{8BC9CEB8-8B4A-11D0-8D11-00A0C91BC942}") = "HttpUrl", "Lab_6\HttpUrl\HttpUrl.vcxproj", "{78C80501-B9CA-423A-A044-2F621B1E0FD7}"
EndProject
Project("{8BC9CEB8-8B4A-11D0-8D11-00A0C91BC942}") = "HttpUrlTest", "Lab_6\HttpUrlTest\HttpUrlTest.vcxproj", "{7F5E5D50-74D4-4140-9F76-B883C79F8B9E}"
EndProject
Project("{8BC9CEB8-8B4A-11D0-8D11-00A0C91BC942}") = "StringList", "Lab_6\StringList\StringList.vcxproj", "{5113BEF6-1BB9-47B6-9520-D751A81311BB}"
EndProject
Project("{8BC9CEB8-8B4A-11D0-8D11-00A0C91BC942}") = "StringListTest", "Lab_6\StringListTest\StringListTest.vcxproj", "{92DD1033-0857-4A27-88DA-960F7737A9A2}"
EndProject
Project("{8BC9CEB8-8B4A-11D0-8D11-00A0C91BC942}") = "FindMaxEx", "Lab_7\FindMaxEx\FindMaxEx.vcxproj", "{52748038-A8A5-488B-98C3-7B4711A05161}"
EndProject
Project("{8BC9CEB8-8B4A-11D0-8D11-00A0C91BC942}") = "FindMaxExTest", "Lab_7\FindMaxExTest\FindMaxExTest.vcxproj", "{548F7357-F500-4924-B61F-74ED886FEFD3}"
EndProject
Project("{8BC9CEB8-8B4A-11D0-8D11-00A0C91BC942}") = "MyArray", "Lab_7\MyArray\MyArray.vcxproj", "{E38D4658-4FC6-4432-959C-B173AB1F35B0}"
EndProject
Project("{8BC9CEB8-8B4A-11D0-8D11-00A0C91BC942}") = "MyArrayTest", "Lab_7\MyArrayTest\MyArrayTest.vcxproj", "{54B84C3A-3FDB-448C-9D96-A58298DD33E9}"
EndProject
Project("{2150E333-8FDC-42A3-9474-1A3956D46DE8}") = "Lab_7", "Lab_7", "{EF3EBE4F-5224-4182-9E35-C651E534E3D3}"
EndProject
Global
	GlobalSection(SolutionConfigurationPlatforms) = preSolution
		Debug|x64 = Debug|x64
		Debug|x86 = Debug|x86
		Release|x64 = Release|x64
		Release|x86 = Release|x86
	EndGlobalSection
	GlobalSection(ProjectConfigurationPlatforms) = postSolution
		{82E8C711-5CEA-4E54-A33D-FD74BBEEE544}.Debug|x64.ActiveCfg = Debug|Win32
		{82E8C711-5CEA-4E54-A33D-FD74BBEEE544}.Debug|x86.ActiveCfg = Debug|Win32
		{82E8C711-5CEA-4E54-A33D-FD74BBEEE544}.Debug|x86.Build.0 = Debug|Win32
		{82E8C711-5CEA-4E54-A33D-FD74BBEEE544}.Release|x64.ActiveCfg = Release|Win32
		{82E8C711-5CEA-4E54-A33D-FD74BBEEE544}.Release|x86.ActiveCfg = Release|Win32
		{82E8C711-5CEA-4E54-A33D-FD74BBEEE544}.Release|x86.Build.0 = Release|Win32
		{384844F1-8744-4273-8B51-4D580F7ED605}.Debug|x64.ActiveCfg = Debug|Win32
		{384844F1-8744-4273-8B51-4D580F7ED605}.Debug|x86.ActiveCfg = Debug|Win32
		{384844F1-8744-4273-8B51-4D580F7ED605}.Debug|x86.Build.0 = Debug|Win32
		{384844F1-8744-4273-8B51-4D580F7ED605}.Release|x64.ActiveCfg = Release|Win32
		{384844F1-8744-4273-8B51-4D580F7ED605}.Release|x86.ActiveCfg = Release|Win32
		{384844F1-8744-4273-8B51-4D580F7ED605}.Release|x86.Build.0 = Release|Win32
		{4C5A59B5-D79F-4070-ADB9-BC047EDDC113}.Debug|x64.ActiveCfg = Debug|Win32
		{4C5A59B5-D79F-4070-ADB9-BC047EDDC113}.Debug|x86.ActiveCfg = Debug|Win32
		{4C5A59B5-D79F-4070-ADB9-BC047EDDC113}.Debug|x86.Build.0 = Debug|Win32
		{4C5A59B5-D79F-4070-ADB9-BC047EDDC113}.Release|x64.ActiveCfg = Release|Win32
		{4C5A59B5-D79F-4070-ADB9-BC047EDDC113}.Release|x86.ActiveCfg = Release|Win32
		{4C5A59B5-D79F-4070-ADB9-BC047EDDC113}.Release|x86.Build.0 = Release|Win32
		{12B3ADFF-1339-4894-904A-FFF70381B474}.Debug|x64.ActiveCfg = Debug|Win32
		{12B3ADFF-1339-4894-904A-FFF70381B474}.Debug|x86.ActiveCfg = Debug|Win32
		{12B3ADFF-1339-4894-904A-FFF70381B474}.Debug|x86.Build.0 = Debug|Win32
		{12B3ADFF-1339-4894-904A-FFF70381B474}.Release|x64.ActiveCfg = Release|Win32
		{12B3ADFF-1339-4894-904A-FFF70381B474}.Release|x86.ActiveCfg = Release|Win32
		{12B3ADFF-1339-4894-904A-FFF70381B474}.Release|x86.Build.0 = Release|Win32
		{BDEB8690-156C-47D7-AA91-733ADBF2B4FF}.Debug|x64.ActiveCfg = Debug|Win32
		{BDEB8690-156C-47D7-AA91-733ADBF2B4FF}.Debug|x86.ActiveCfg = Debug|Win32
		{BDEB8690-156C-47D7-AA91-733ADBF2B4FF}.Debug|x86.Build.0 = Debug|Win32
		{BDEB8690-156C-47D7-AA91-733ADBF2B4FF}.Release|x64.ActiveCfg = Release|Win32
		{BDEB8690-156C-47D7-AA91-733ADBF2B4FF}.Release|x86.ActiveCfg = Release|Win32
		{BDEB8690-156C-47D7-AA91-733ADBF2B4FF}.Release|x86.Build.0 = Release|Win32
		{CECE5CBA-8405-48FA-A997-5FC6826F45D0}.Debug|x64.ActiveCfg = Debug|x64
		{CECE5CBA-8405-48FA-A997-5FC6826F45D0}.Debug|x64.Build.0 = Debug|x64
		{CECE5CBA-8405-48FA-A997-5FC6826F45D0}.Debug|x86.ActiveCfg = Debug|Win32
		{CECE5CBA-8405-48FA-A997-5FC6826F45D0}.Debug|x86.Build.0 = Debug|Win32
		{CECE5CBA-8405-48FA-A997-5FC6826F45D0}.Release|x64.ActiveCfg = Release|x64
		{CECE5CBA-8405-48FA-A997-5FC6826F45D0}.Release|x64.Build.0 = Release|x64
		{CECE5CBA-8405-48FA-A997-5FC6826F45D0}.Release|x86.ActiveCfg = Release|Win32
		{CECE5CBA-8405-48FA-A997-5FC6826F45D0}.Release|x86.Build.0 = Release|Win32
		{2E8BBA65-22E4-41EB-8009-29EC2ED1C6E3}.Debug|x64.ActiveCfg = Debug|x64
		{2E8BBA65-22E4-41EB-8009-29EC2ED1C6E3}.Debug|x64.Build.0 = Debug|x64
		{2E8BBA65-22E4-41EB-8009-29EC2ED1C6E3}.Debug|x86.ActiveCfg = Debug|Win32
		{2E8BBA65-22E4-41EB-8009-29EC2ED1C6E3}.Debug|x86.Build.0 = Debug|Win32
		{2E8BBA65-22E4-41EB-8009-29EC2ED1C6E3}.Release|x64.ActiveCfg = Release|x64
		{2E8BBA65-22E4-41EB-8009-29EC2ED1C6E3}.Release|x64.Build.0 = Release|x64
		{2E8BBA65-22E4-41EB-8009-29EC2ED1C6E3}.Release|x86.ActiveCfg = Release|Win32
		{2E8BBA65-22E4-41EB-8009-29EC2ED1C6E3}.Release|x86.Build.0 = Release|Win32
		{7C2C09B5-75CD-408B-B413-F70AB4366DE0}.Debug|x64.ActiveCfg = Debug|x64
		{7C2C09B5-75CD-408B-B413-F70AB4366DE0}.Debug|x64.Build.0 = Debug|x64
		{7C2C09B5-75CD-408B-B413-F70AB4366DE0}.Debug|x86.ActiveCfg = Debug|Win32
		{7C2C09B5-75CD-408B-B413-F70AB4366DE0}.Debug|x86.Build.0 = Debug|Win32
		{7C2C09B5-75CD-408B-B413-F70AB4366DE0}.Release|x64.ActiveCfg = Release|x64
		{7C2C09B5-75CD-408B-B413-F70AB4366DE0}.Release|x64.Build.0 = Release|x64
		{7C2C09B5-75CD-408B-B413-F70AB4366DE0}.Release|x86.ActiveCfg = Release|Win32
		{7C2C09B5-75CD-408B-B413-F70AB4366DE0}.Release|x86.Build.0 = Release|Win32
		{FD8896E7-1CF3-40ED-828B-69637918BE66}.Debug|x64.ActiveCfg = Debug|x64
		{FD8896E7-1CF3-40ED-828B-69637918BE66}.Debug|x64.Build.0 = Debug|x64
		{FD8896E7-1CF3-40ED-828B-69637918BE66}.Debug|x86.ActiveCfg = Debug|Win32
		{FD8896E7-1CF3-40ED-828B-69637918BE66}.Debug|x86.Build.0 = Debug|Win32
		{FD8896E7-1CF3-40ED-828B-69637918BE66}.Release|x64.ActiveCfg = Release|x64
		{FD8896E7-1CF3-40ED-828B-69637918BE66}.Release|x64.Build.0 = Release|x64
		{FD8896E7-1CF3-40ED-828B-69637918BE66}.Release|x86.ActiveCfg = Release|Win32
		{FD8896E7-1CF3-40ED-828B-69637918BE66}.Release|x86.Build.0 = Release|Win32
		{C9880E76-D86A-4FD4-9CEA-40A443DDC153}.Debug|x64.ActiveCfg = Debug|x64
		{C9880E76-D86A-4FD4-9CEA-40A443DDC153}.Debug|x64.Build.0 = Debug|x64
		{C9880E76-D86A-4FD4-9CEA-40A443DDC153}.Debug|x86.ActiveCfg = Debug|Win32
		{C9880E76-D86A-4FD4-9CEA-40A443DDC153}.Debug|x86.Build.0 = Debug|Win32
		{C9880E76-D86A-4FD4-9CEA-40A443DDC153}.Release|x64.ActiveCfg = Release|x64
		{C9880E76-D86A-4FD4-9CEA-40A443DDC153}.Release|x64.Build.0 = Release|x64
		{C9880E76-D86A-4FD4-9CEA-40A443DDC153}.Release|x86.ActiveCfg = Release|Win32
		{C9880E76-D86A-4FD4-9CEA-40A443DDC153}.Release|x86.Build.0 = Release|Win32
		{5F44ECCB-63B0-4288-8E3F-971EB5DBFB2F}.Debug|x64.ActiveCfg = Debug|x64
		{5F44ECCB-63B0-4288-8E3F-971EB5DBFB2F}.Debug|x64.Build.0 = Debug|x64
		{5F44ECCB-63B0-4288-8E3F-971EB5DBFB2F}.Debug|x86.ActiveCfg = Debug|Win32
		{5F44ECCB-63B0-4288-8E3F-971EB5DBFB2F}.Debug|x86.Build.0 = Debug|Win32
		{5F44ECCB-63B0-4288-8E3F-971EB5DBFB2F}.Release|x64.ActiveCfg = Release|x64
		{5F44ECCB-63B0-4288-8E3F-971EB5DBFB2F}.Release|x64.Build.0 = Release|x64
		{5F44ECCB-63B0-4288-8E3F-971EB5DBFB2F}.Release|x86.ActiveCfg = Release|Win32
		{5F44ECCB-63B0-4288-8E3F-971EB5DBFB2F}.Release|x86.Build.0 = Release|Win32
		{D9FC6089-8DE6-42D2-9117-4EC535C91D36}.Debug|x64.ActiveCfg = Debug|Win32
		{D9FC6089-8DE6-42D2-9117-4EC535C91D36}.Debug|x86.ActiveCfg = Debug|Win32
		{D9FC6089-8DE6-42D2-9117-4EC535C91D36}.Debug|x86.Build.0 = Debug|Win32
		{D9FC6089-8DE6-42D2-9117-4EC535C91D36}.Release|x64.ActiveCfg = Release|Win32
		{D9FC6089-8DE6-42D2-9117-4EC535C91D36}.Release|x86.ActiveCfg = Release|Win32
		{D9FC6089-8DE6-42D2-9117-4EC535C91D36}.Release|x86.Build.0 = Release|Win32
		{3D3BD023-085E-4E39-BC8F-C88D5FD21DD5}.Debug|x64.ActiveCfg = Debug|Win32
		{3D3BD023-085E-4E39-BC8F-C88D5FD21DD5}.Debug|x86.ActiveCfg = Debug|Win32
		{3D3BD023-085E-4E39-BC8F-C88D5FD21DD5}.Debug|x86.Build.0 = Debug|Win32
		{3D3BD023-085E-4E39-BC8F-C88D5FD21DD5}.Release|x64.ActiveCfg = Release|Win32
		{3D3BD023-085E-4E39-BC8F-C88D5FD21DD5}.Release|x86.ActiveCfg = Release|Win32
		{3D3BD023-085E-4E39-BC8F-C88D5FD21DD5}.Release|x86.Build.0 = Release|Win32
		{C3CA65C7-4564-4971-943B-8933C166414D}.Debug|x64.ActiveCfg = Debug|x64
		{C3CA65C7-4564-4971-943B-8933C166414D}.Debug|x64.Build.0 = Debug|x64
		{C3CA65C7-4564-4971-943B-8933C166414D}.Debug|x86.ActiveCfg = Debug|Win32
		{C3CA65C7-4564-4971-943B-8933C166414D}.Debug|x86.Build.0 = Debug|Win32
		{C3CA65C7-4564-4971-943B-8933C166414D}.Release|x64.ActiveCfg = Release|x64
		{C3CA65C7-4564-4971-943B-8933C166414D}.Release|x64.Build.0 = Release|x64
		{C3CA65C7-4564-4971-943B-8933C166414D}.Release|x86.ActiveCfg = Release|Win32
		{C3CA65C7-4564-4971-943B-8933C166414D}.Release|x86.Build.0 = Release|Win32
		{87E86D74-569E-405C-B2D1-9BE6223B0007}.Debug|x64.ActiveCfg = Debug|x64
		{87E86D74-569E-405C-B2D1-9BE6223B0007}.Debug|x64.Build.0 = Debug|x64
		{87E86D74-569E-405C-B2D1-9BE6223B0007}.Debug|x86.ActiveCfg = Debug|Win32
		{87E86D74-569E-405C-B2D1-9BE6223B0007}.Debug|x86.Build.0 = Debug|Win32
		{87E86D74-569E-405C-B2D1-9BE6223B0007}.Release|x64.ActiveCfg = Release|x64
		{87E86D74-569E-405C-B2D1-9BE6223B0007}.Release|x64.Build.0 = Release|x64
		{87E86D74-569E-405C-B2D1-9BE6223B0007}.Release|x86.ActiveCfg = Release|Win32
		{87E86D74-569E-405C-B2D1-9BE6223B0007}.Release|x86.Build.0 = Release|Win32
		{DC4A7269-62E7-41AC-A5CA-66D57B39F572}.Debug|x64.ActiveCfg = Debug|x64
		{DC4A7269-62E7-41AC-A5CA-66D57B39F572}.Debug|x64.Build.0 = Debug|x64
		{DC4A7269-62E7-41AC-A5CA-66D57B39F572}.Debug|x86.ActiveCfg = Debug|Win32
		{DC4A7269-62E7-41AC-A5CA-66D57B39F572}.Debug|x86.Build.0 = Debug|Win32
		{DC4A7269-62E7-41AC-A5CA-66D57B39F572}.Release|x64.ActiveCfg = Release|x64
		{DC4A7269-62E7-41AC-A5CA-66D57B39F572}.Release|x64.Build.0 = Release|x64
		{DC4A7269-62E7-41AC-A5CA-66D57B39F572}.Release|x86.ActiveCfg = Release|Win32
		{DC4A7269-62E7-41AC-A5CA-66D57B39F572}.Release|x86.Build.0 = Release|Win32
		{ED52122B-AE08-47E1-A738-7E999E38D727}.Debug|x64.ActiveCfg = Debug|x64
		{ED52122B-AE08-47E1-A738-7E999E38D727}.Debug|x64.Build.0 = Debug|x64
		{ED52122B-AE08-47E1-A738-7E999E38D727}.Debug|x86.ActiveCfg = Debug|Win32
		{ED52122B-AE08-47E1-A738-7E999E38D727}.Debug|x86.Build.0 = Debug|Win32
		{ED52122B-AE08-47E1-A738-7E999E38D727}.Release|x64.ActiveCfg = Release|x64
		{ED52122B-AE08-47E1-A738-7E999E38D727}.Release|x64.Build.0 = Release|x64
		{ED52122B-AE08-47E1-A738-7E999E38D727}.Release|x86.ActiveCfg = Release|Win32
		{ED52122B-AE08-47E1-A738-7E999E38D727}.Release|x86.Build.0 = Release|Win32
		{933895AE-86E2-4DEE-B7EF-6084370BA335}.Debug|x64.ActiveCfg = Debug|x64
		{933895AE-86E2-4DEE-B7EF-6084370BA335}.Debug|x64.Build.0 = Debug|x64
		{933895AE-86E2-4DEE-B7EF-6084370BA335}.Debug|x86.ActiveCfg = Debug|Win32
		{933895AE-86E2-4DEE-B7EF-6084370BA335}.Debug|x86.Build.0 = Debug|Win32
		{933895AE-86E2-4DEE-B7EF-6084370BA335}.Release|x64.ActiveCfg = Release|x64
		{933895AE-86E2-4DEE-B7EF-6084370BA335}.Release|x64.Build.0 = Release|x64
		{933895AE-86E2-4DEE-B7EF-6084370BA335}.Release|x86.ActiveCfg = Release|Win32
		{933895AE-86E2-4DEE-B7EF-6084370BA335}.Release|x86.Build.0 = Release|Win32
		{960A9A93-59A9-4810-93BA-4A29DC2FE97A}.Debug|x64.ActiveCfg = Debug|x64
		{960A9A93-59A9-4810-93BA-4A29DC2FE97A}.Debug|x64.Build.0 = Debug|x64
		{960A9A93-59A9-4810-93BA-4A29DC2FE97A}.Debug|x86.ActiveCfg = Debug|Win32
		{960A9A93-59A9-4810-93BA-4A29DC2FE97A}.Debug|x86.Build.0 = Debug|Win32
		{960A9A93-59A9-4810-93BA-4A29DC2FE97A}.Release|x64.ActiveCfg = Release|x64
		{960A9A93-59A9-4810-93BA-4A29DC2FE97A}.Release|x64.Build.0 = Release|x64
		{960A9A93-59A9-4810-93BA-4A29DC2FE97A}.Release|x86.ActiveCfg = Release|Win32
		{960A9A93-59A9-4810-93BA-4A29DC2FE97A}.Release|x86.Build.0 = Release|Win32
		{78C80501-B9CA-423A-A044-2F621B1E0FD7}.Debug|x64.ActiveCfg = Debug|x64
		{78C80501-B9CA-423A-A044-2F621B1E0FD7}.Debug|x64.Build.0 = Debug|x64
		{78C80501-B9CA-423A-A044-2F621B1E0FD7}.Debug|x86.ActiveCfg = Debug|Win32
		{78C80501-B9CA-423A-A044-2F621B1E0FD7}.Debug|x86.Build.0 = Debug|Win32
		{78C80501-B9CA-423A-A044-2F621B1E0FD7}.Release|x64.ActiveCfg = Release|x64
		{78C80501-B9CA-423A-A044-2F621B1E0FD7}.Release|x64.Build.0 = Release|x64
		{78C80501-B9CA-423A-A044-2F621B1E0FD7}.Release|x86.ActiveCfg = Release|Win32
		{78C80501-B9CA-423A-A044-2F621B1E0FD7}.Release|x86.Build.0 = Release|Win32
		{7F5E5D50-74D4-4140-9F76-B883C79F8B9E}.Debug|x64.ActiveCfg = Debug|x64
		{7F5E5D50-74D4-4140-9F76-B883C79F8B9E}.Debug|x64.Build.0 = Debug|x64
		{7F5E5D50-74D4-4140-9F76-B883C79F8B9E}.Debug|x86.ActiveCfg = Debug|Win32
		{7F5E5D50-74D4-4140-9F76-B883C79F8B9E}.Debug|x86.Build.0 = Debug|Win32
		{7F5E5D50-74D4-4140-9F76-B883C79F8B9E}.Release|x64.ActiveCfg = Release|x64
		{7F5E5D50-74D4-4140-9F76-B883C79F8B9E}.Release|x64.Build.0 = Release|x64
		{7F5E5D50-74D4-4140-9F76-B883C79F8B9E}.Release|x86.ActiveCfg = Release|Win32
		{7F5E5D50-74D4-4140-9F76-B883C79F8B9E}.Release|x86.Build.0 = Release|Win32
		{5113BEF6-1BB9-47B6-9520-D751A81311BB}.Debug|x64.ActiveCfg = Debug|x64
		{5113BEF6-1BB9-47B6-9520-D751A81311BB}.Debug|x64.Build.0 = Debug|x64
		{5113BEF6-1BB9-47B6-9520-D751A81311BB}.Debug|x86.ActiveCfg = Debug|Win32
		{5113BEF6-1BB9-47B6-9520-D751A81311BB}.Debug|x86.Build.0 = Debug|Win32
		{5113BEF6-1BB9-47B6-9520-D751A81311BB}.Release|x64.ActiveCfg = Release|x64
		{5113BEF6-1BB9-47B6-9520-D751A81311BB}.Release|x64.Build.0 = Release|x64
		{5113BEF6-1BB9-47B6-9520-D751A81311BB}.Release|x86.ActiveCfg = Release|Win32
		{5113BEF6-1BB9-47B6-9520-D751A81311BB}.Release|x86.Build.0 = Release|Win32
		{92DD1033-0857-4A27-88DA-960F7737A9A2}.Debug|x64.ActiveCfg = Debug|x64
		{92DD1033-0857-4A27-88DA-960F7737A9A2}.Debug|x64.Build.0 = Debug|x64
		{92DD1033-0857-4A27-88DA-960F7737A9A2}.Debug|x86.ActiveCfg = Debug|Win32
		{92DD1033-0857-4A27-88DA-960F7737A9A2}.Debug|x86.Build.0 = Debug|Win32
		{92DD1033-0857-4A27-88DA-960F7737A9A2}.Release|x64.ActiveCfg = Release|x64
		{92DD1033-0857-4A27-88DA-960F7737A9A2}.Release|x64.Build.0 = Release|x64
		{92DD1033-0857-4A27-88DA-960F7737A9A2}.Release|x86.ActiveCfg = Release|Win32
		{92DD1033-0857-4A27-88DA-960F7737A9A2}.Release|x86.Build.0 = Release|Win32
		{52748038-A8A5-488B-98C3-7B4711A05161}.Debug|x64.ActiveCfg = Debug|x64
		{52748038-A8A5-488B-98C3-7B4711A05161}.Debug|x64.Build.0 = Debug|x64
		{52748038-A8A5-488B-98C3-7B4711A05161}.Debug|x86.ActiveCfg = Debug|Win32
		{52748038-A8A5-488B-98C3-7B4711A05161}.Debug|x86.Build.0 = Debug|Win32
		{52748038-A8A5-488B-98C3-7B4711A05161}.Release|x64.ActiveCfg = Release|x64
		{52748038-A8A5-488B-98C3-7B4711A05161}.Release|x64.Build.0 = Release|x64
		{52748038-A8A5-488B-98C3-7B4711A05161}.Release|x86.ActiveCfg = Release|Win32
		{52748038-A8A5-488B-98C3-7B4711A05161}.Release|x86.Build.0 = Release|Win32
		{548F7357-F500-4924-B61F-74ED886FEFD3}.Debug|x64.ActiveCfg = Debug|x64
		{548F7357-F500-4924-B61F-74ED886FEFD3}.Debug|x64.Build.0 = Debug|x64
		{548F7357-F500-4924-B61F-74ED886FEFD3}.Debug|x86.ActiveCfg = Debug|Win32
		{548F7357-F500-4924-B61F-74ED886FEFD3}.Debug|x86.Build.0 = Debug|Win32
		{548F7357-F500-4924-B61F-74ED886FEFD3}.Release|x64.ActiveCfg = Release|x64
		{548F7357-F500-4924-B61F-74ED886FEFD3}.Release|x64.Build.0 = Release|x64
		{548F7357-F500-4924-B61F-74ED886FEFD3}.Release|x86.ActiveCfg = Release|Win32
		{548F7357-F500-4924-B61F-74ED886FEFD3}.Release|x86.Build.0 = Release|Win32
		{E38D4658-4FC6-4432-959C-B173AB1F35B0}.Debug|x64.ActiveCfg = Debug|x64
		{E38D4658-4FC6-4432-959C-B173AB1F35B0}.Debug|x64.Build.0 = Debug|x64
		{E38D4658-4FC6-4432-959C-B173AB1F35B0}.Debug|x86.ActiveCfg = Debug|Win32
		{E38D4658-4FC6-4432-959C-B173AB1F35B0}.Debug|x86.Build.0 = Debug|Win32
		{E38D4658-4FC6-4432-959C-B173AB1F35B0}.Release|x64.ActiveCfg = Release|x64
		{E38D4658-4FC6-4432-959C-B173AB1F35B0}.Release|x64.Build.0 = Release|x64
		{E38D4658-4FC6-4432-959C-B173AB1F35B0}.Release|x86.ActiveCfg = Release|Win32
		{E38D4658-4FC6-4432-959C-B173AB1F35B0}.Release|x86.Build.0 = Release|Win32
		{54B84C3A-3FDB-448C-9D96-A58298DD33E9}.Debug|x64.ActiveCfg = Debug|x64
		{54B84C3A-3FDB-448C-9D96-A58298DD33E9}.Debug|x64.Build.0 = Debug|x64
		{54B84C3A-3FDB-448C-9D96-A58298DD33E9}.Debug|x86.ActiveCfg = Debug|Win32
		{54B84C3A-3FDB-448C-9D96-A58298DD33E9}.Debug|x86.Build.0 = Debug|Win32
		{54B84C3A-3FDB-448C-9D96-A58298DD33E9}.Release|x64.ActiveCfg = Release|x64
		{54B84C3A-3FDB-448C-9D96-A58298DD33E9}.Release|x64.Build.0 = Release|x64
		{54B84C3A-3FDB-448C-9D96-A58298DD33E9}.Release|x86.ActiveCfg = Release|Win32
		{54B84C3A-3FDB-448C-9D96-A58298DD33E9}.Release|x86.Build.0 = Release|Win32
	EndGlobalSection
	GlobalSection(SolutionProperties) = preSolution
		HideSolutionNode = FALSE
	EndGlobalSection
	GlobalSection(NestedProjects) = preSolution
		{82E8C711-5CEA-4E54-A33D-FD74BBEEE544} = {899CB28F-8603-4221-98A5-6CFCB19EA155}
		{384844F1-8744-4273-8B51-4D580F7ED605} = {899CB28F-8603-4221-98A5-6CFCB19EA155}
		{4C5A59B5-D79F-4070-ADB9-BC047EDDC113} = {899CB28F-8603-4221-98A5-6CFCB19EA155}
		{12B3ADFF-1339-4894-904A-FFF70381B474} = {899CB28F-8603-4221-98A5-6CFCB19EA155}
		{BDEB8690-156C-47D7-AA91-733ADBF2B4FF} = {899CB28F-8603-4221-98A5-6CFCB19EA155}
		{CECE5CBA-8405-48FA-A997-5FC6826F45D0} = {77EECCF2-5EFE-4360-9020-07612D3F6903}
		{2E8BBA65-22E4-41EB-8009-29EC2ED1C6E3} = {77EECCF2-5EFE-4360-9020-07612D3F6903}
		{7C2C09B5-75CD-408B-B413-F70AB4366DE0} = {77EECCF2-5EFE-4360-9020-07612D3F6903}
		{FD8896E7-1CF3-40ED-828B-69637918BE66} = {77EECCF2-5EFE-4360-9020-07612D3F6903}
		{C9880E76-D86A-4FD4-9CEA-40A443DDC153} = {77EECCF2-5EFE-4360-9020-07612D3F6903}
		{5F44ECCB-63B0-4288-8E3F-971EB5DBFB2F} = {77EECCF2-5EFE-4360-9020-07612D3F6903}
		{D9FC6089-8DE6-42D2-9117-4EC535C91D36} = {77EECCF2-5EFE-4360-9020-07612D3F6903}
		{3D3BD023-085E-4E39-BC8F-C88D5FD21DD5} = {77EECCF2-5EFE-4360-9020-07612D3F6903}
		{C3CA65C7-4564-4971-943B-8933C166414D} = {EF0AB69D-FBA8-41D4-A7EF-975F06E42E7A}
		{87E86D74-569E-405C-B2D1-9BE6223B0007} = {EF0AB69D-FBA8-41D4-A7EF-975F06E42E7A}
		{DC4A7269-62E7-41AC-A5CA-66D57B39F572} = {27F6676D-43BF-4787-ACA4-5BF4AF0DC900}
		{ED52122B-AE08-47E1-A738-7E999E38D727} = {27F6676D-43BF-4787-ACA4-5BF4AF0DC900}
		{933895AE-86E2-4DEE-B7EF-6084370BA335} = {476BAD69-5180-4B7A-8655-D719FD5D9757}
		{960A9A93-59A9-4810-93BA-4A29DC2FE97A} = {476BAD69-5180-4B7A-8655-D719FD5D9757}
		{78C80501-B9CA-423A-A044-2F621B1E0FD7} = {485D6355-1AF4-4546-B12D-CA488281C9B1}
		{7F5E5D50-74D4-4140-9F76-B883C79F8B9E} = {485D6355-1AF4-4546-B12D-CA488281C9B1}
		{5113BEF6-1BB9-47B6-9520-D751A81311BB} = {485D6355-1AF4-4546-B12D-CA488281C9B1}
		{92DD1033-0857-4A27-88DA-960F7737A9A2} = {485D6355-1AF4-4546-B12D-CA488281C9B1}
		{52748038-A8A5-488B-98C3-7B4711A05161} = {EF3EBE4F-5224-4182-9E35-C651E534E3D3}
		{548F7357-F500-4924-B61F-74ED886FEFD3} = {EF3EBE4F-5224-4182-9E35-C651E534E3D3}
		{E38D4658-4FC6-4432-959C-B173AB1F35B0} = {EF3EBE4F-5224-4182-9E35-C651E534E3D3}
		{54B84C3A-3FDB-448C-9D96-A58298DD33E9} = {EF3EBE4F-5224-4182-9E35-C651E534E3D3}
	EndGlobalSection
EndGlobal
